
Microsoft Visual Studio Solution File, Format Version 12.00
# Visual Studio Version 17
VisualStudioVersion = 17.8.34511.84
MinimumVisualStudioVersion = 10.0.40219.1
Project("{FAE04EC0-301F-11D3-BF4B-00C04F79EFBC}") = "Social_App", "Social\Social_App.csproj", "{F90EC7F9-EB21-4949-9793-E0EF0B4BE4B2}"
EndProject
Global
	GlobalSection(SolutionConfigurationPlatforms) = preSolution
		Debug|Any CPU = Debug|Any CPU
		Release|Any CPU = Release|Any CPU
	EndGlobalSection
	GlobalSection(ProjectConfigurationPlatforms) = postSolution
		{F90EC7F9-EB21-4949-9793-E0EF0B4BE4B2}.Debug|Any CPU.ActiveCfg = Debug|Any CPU
		{F90EC7F9-EB21-4949-9793-E0EF0B4BE4B2}.Debug|Any CPU.Build.0 = Debug|Any CPU
		{F90EC7F9-EB21-4949-9793-E0EF0B4BE4B2}.Release|Any CPU.ActiveCfg = Release|Any CPU
		{F90EC7F9-EB21-4949-9793-E0EF0B4BE4B2}.Release|Any CPU.Build.0 = Release|Any CPU
	EndGlobalSection
	GlobalSection(SolutionProperties) = preSolution
		HideSolutionNode = FALSE
	EndGlobalSection
	GlobalSection(ExtensibilityGlobals) = postSolution
		SolutionGuid = {72E2B426-6072-4536-BB17-1C8C1CD29D05}
	EndGlobalSection
EndGlobal
